
Microsoft Visual Studio Solution File, Format Version 12.00
# Visual Studio 15
VisualStudioVersion = 15.0.27703.2035
MinimumVisualStudioVersion = 10.0.40219.1
Project("{FAE04EC0-301F-11D3-BF4B-00C04F79EFBC}") = "AppPFashions.Android", "AppPFashions\AppPFashions.Android\AppPFashions.Android.csproj", "{2339EA44-6180-491C-9784-92EA506F225C}"
EndProject
Project("{FAE04EC0-301F-11D3-BF4B-00C04F79EFBC}") = "AppPFashions.iOS", "AppPFashions\AppPFashions.iOS\AppPFashions.iOS.csproj", "{07434B2B-FA39-4B53-8B41-7A3F060CA418}"
EndProject
Project("{9A19103F-16F7-4668-BE54-9A1E7A4F7556}") = "AppPFashions", "AppPFashions\AppPFashions\AppPFashions.csproj", "{B816F728-8EFD-41DD-B543-A958FABD6904}"
EndProject
Global
	GlobalSection(SolutionConfigurationPlatforms) = preSolution
		Ad-Hoc|Any CPU = Ad-Hoc|Any CPU
		Ad-Hoc|iPhone = Ad-Hoc|iPhone
		Ad-Hoc|iPhoneSimulator = Ad-Hoc|iPhoneSimulator
		AppStore|Any CPU = AppStore|Any CPU
		AppStore|iPhone = AppStore|iPhone
		AppStore|iPhoneSimulator = AppStore|iPhoneSimulator
		Debug|Any CPU = Debug|Any CPU
		Debug|iPhone = Debug|iPhone
		Debug|iPhoneSimulator = Debug|iPhoneSimulator
		Release|Any CPU = Release|Any CPU
		Release|iPhone = Release|iPhone
		Release|iPhoneSimulator = Release|iPhoneSimulator
	EndGlobalSection
	GlobalSection(ProjectConfigurationPlatforms) = postSolution
		{2339EA44-6180-491C-9784-92EA506F225C}.Ad-Hoc|Any CPU.ActiveCfg = Release|Any CPU
		{2339EA44-6180-491C-9784-92EA506F225C}.Ad-Hoc|Any CPU.Build.0 = Release|Any CPU
		{2339EA44-6180-491C-9784-92EA506F225C}.Ad-Hoc|Any CPU.Deploy.0 = Release|Any CPU
		{2339EA44-6180-491C-9784-92EA506F225C}.Ad-Hoc|iPhone.ActiveCfg = Release|Any CPU
		{2339EA44-6180-491C-9784-92EA506F225C}.Ad-Hoc|iPhone.Build.0 = Release|Any CPU
		{2339EA44-6180-491C-9784-92EA506F225C}.Ad-Hoc|iPhone.Deploy.0 = Release|Any CPU
		{2339EA44-6180-491C-9784-92EA506F225C}.Ad-Hoc|iPhoneSimulator.ActiveCfg = Release|Any CPU
		{2339EA44-6180-491C-9784-92EA506F225C}.Ad-Hoc|iPhoneSimulator.Build.0 = Release|Any CPU
		{2339EA44-6180-491C-9784-92EA506F225C}.Ad-Hoc|iPhoneSimulator.Deploy.0 = Release|Any CPU
		{2339EA44-6180-491C-9784-92EA506F225C}.AppStore|Any CPU.ActiveCfg = Release|Any CPU
		{2339EA44-6180-491C-9784-92EA506F225C}.AppStore|Any CPU.Build.0 = Release|Any CPU
		{2339EA44-6180-491C-9784-92EA506F225C}.AppStore|Any CPU.Deploy.0 = Release|Any CPU
		{2339EA44-6180-491C-9784-92EA506F225C}.AppStore|iPhone.ActiveCfg = Release|Any CPU
		{2339EA44-6180-491C-9784-92EA506F225C}.AppStore|iPhone.Build.0 = Release|Any CPU
		{2339EA44-6180-491C-9784-92EA506F225C}.AppStore|iPhone.Deploy.0 = Release|Any CPU
		{2339EA44-6180-491C-9784-92EA506F225C}.AppStore|iPhoneSimulator.ActiveCfg = Release|Any CPU
		{2339EA44-6180-491C-9784-92EA506F225C}.AppStore|iPhoneSimulator.Build.0 = Release|Any CPU
		{2339EA44-6180-491C-9784-92EA506F225C}.AppStore|iPhoneSimulator.Deploy.0 = Release|Any CPU
		{2339EA44-6180-491C-9784-92EA506F225C}.Debug|Any CPU.ActiveCfg = Debug|Any CPU
		{2339EA44-6180-491C-9784-92EA506F225C}.Debug|Any CPU.Build.0 = Debug|Any CPU
		{2339EA44-6180-491C-9784-92EA506F225C}.Debug|Any CPU.Deploy.0 = Debug|Any CPU
		{2339EA44-6180-491C-9784-92EA506F225C}.Debug|iPhone.ActiveCfg = Debug|Any CPU
		{2339EA44-6180-491C-9784-92EA506F225C}.Debug|iPhone.Build.0 = Debug|Any CPU
		{2339EA44-6180-491C-9784-92EA506F225C}.Debug|iPhone.Deploy.0 = Debug|Any CPU
		{2339EA44-6180-491C-9784-92EA506F225C}.Debug|iPhoneSimulator.ActiveCfg = Debug|Any CPU
		{2339EA44-6180-491C-9784-92EA506F225C}.Debug|iPhoneSimulator.Build.0 = Debug|Any CPU
		{2339EA44-6180-491C-9784-92EA506F225C}.Debug|iPhoneSimulator.Deploy.0 = Debug|Any CPU
		{2339EA44-6180-491C-9784-92EA506F225C}.Release|Any CPU.ActiveCfg = Release|Any CPU
		{2339EA44-6180-491C-9784-92EA506F225C}.Release|Any CPU.Build.0 = Release|Any CPU
		{2339EA44-6180-491C-9784-92EA506F225C}.Release|Any CPU.Deploy.0 = Release|Any CPU
		{2339EA44-6180-491C-9784-92EA506F225C}.Release|iPhone.ActiveCfg = Release|Any CPU
		{2339EA44-6180-491C-9784-92EA506F225C}.Release|iPhone.Build.0 = Release|Any CPU
		{2339EA44-6180-491C-9784-92EA506F225C}.Release|iPhone.Deploy.0 = Release|Any CPU
		{2339EA44-6180-491C-9784-92EA506F225C}.Release|iPhoneSimulator.ActiveCfg = Release|Any CPU
		{2339EA44-6180-491C-9784-92EA506F225C}.Release|iPhoneSimulator.Build.0 = Release|Any CPU
		{2339EA44-6180-491C-9784-92EA506F225C}.Release|iPhoneSimulator.Deploy.0 = Release|Any CPU
		{07434B2B-FA39-4B53-8B41-7A3F060CA418}.Ad-Hoc|Any CPU.ActiveCfg = Ad-Hoc|iPhone
		{07434B2B-FA39-4B53-8B41-7A3F060CA418}.Ad-Hoc|Any CPU.Build.0 = Ad-Hoc|iPhone
		{07434B2B-FA39-4B53-8B41-7A3F060CA418}.Ad-Hoc|Any CPU.Deploy.0 = Ad-Hoc|iPhone
		{07434B2B-FA39-4B53-8B41-7A3F060CA418}.Ad-Hoc|iPhone.ActiveCfg = Ad-Hoc|iPhone
		{07434B2B-FA39-4B53-8B41-7A3F060CA418}.Ad-Hoc|iPhone.Build.0 = Ad-Hoc|iPhone
		{07434B2B-FA39-4B53-8B41-7A3F060CA418}.Ad-Hoc|iPhone.Deploy.0 = Ad-Hoc|iPhone
		{07434B2B-FA39-4B53-8B41-7A3F060CA418}.Ad-Hoc|iPhoneSimulator.ActiveCfg = Ad-Hoc|iPhoneSimulator
		{07434B2B-FA39-4B53-8B41-7A3F060CA418}.Ad-Hoc|iPhoneSimulator.Build.0 = Ad-Hoc|iPhoneSimulator
		{07434B2B-FA39-4B53-8B41-7A3F060CA418}.Ad-Hoc|iPhoneSimulator.Deploy.0 = Ad-Hoc|iPhoneSimulator
		{07434B2B-FA39-4B53-8B41-7A3F060CA418}.AppStore|Any CPU.ActiveCfg = AppStore|iPhone
		{07434B2B-FA39-4B53-8B41-7A3F060CA418}.AppStore|Any CPU.Build.0 = AppStore|iPhone
		{07434B2B-FA39-4B53-8B41-7A3F060CA418}.AppStore|Any CPU.Deploy.0 = AppStore|iPhone
		{07434B2B-FA39-4B53-8B41-7A3F060CA418}.AppStore|iPhone.ActiveCfg = AppStore|iPhone
		{07434B2B-FA39-4B53-8B41-7A3F060CA418}.AppStore|iPhone.Build.0 = AppStore|iPhone
		{07434B2B-FA39-4B53-8B41-7A3F060CA418}.AppStore|iPhone.Deploy.0 = AppStore|iPhone
		{07434B2B-FA39-4B53-8B41-7A3F060CA418}.AppStore|iPhoneSimulator.ActiveCfg = AppStore|iPhoneSimulator
		{07434B2B-FA39-4B53-8B41-7A3F060CA418}.AppStore|iPhoneSimulator.Build.0 = AppStore|iPhoneSimulator
		{07434B2B-FA39-4B53-8B41-7A3F060CA418}.AppStore|iPhoneSimulator.Deploy.0 = AppStore|iPhoneSimulator
		{07434B2B-FA39-4B53-8B41-7A3F060CA418}.Debug|Any CPU.ActiveCfg = Debug|iPhoneSimulator
		{07434B2B-FA39-4B53-8B41-7A3F060CA418}.Debug|Any CPU.Deploy.0 = Debug|iPhoneSimulator
		{07434B2B-FA39-4B53-8B41-7A3F060CA418}.Debug|iPhone.ActiveCfg = Debug|iPhone
		{07434B2B-FA39-4B53-8B41-7A3F060CA418}.Debug|iPhone.Build.0 = Debug|iPhone
		{07434B2B-FA39-4B53-8B41-7A3F060CA418}.Debug|iPhone.Deploy.0 = Debug|iPhone
		{07434B2B-FA39-4B53-8B41-7A3F060CA418}.Debug|iPhoneSimulator.ActiveCfg = Debug|iPhoneSimulator
		{07434B2B-FA39-4B53-8B41-7A3F060CA418}.Debug|iPhoneSimulator.Build.0 = Debug|iPhoneSimulator
		{07434B2B-FA39-4B53-8B41-7A3F060CA418}.Debug|iPhoneSimulator.Deploy.0 = Debug|iPhoneSimulator
		{07434B2B-FA39-4B53-8B41-7A3F060CA418}.Release|Any CPU.ActiveCfg = Release|iPhone
		{07434B2B-FA39-4B53-8B41-7A3F060CA418}.Release|Any CPU.Build.0 = Release|iPhone
		{07434B2B-FA39-4B53-8B41-7A3F060CA418}.Release|Any CPU.Deploy.0 = Release|iPhone
		{07434B2B-FA39-4B53-8B41-7A3F060CA418}.Release|iPhone.ActiveCfg = Release|iPhone
		{07434B2B-FA39-4B53-8B41-7A3F060CA418}.Release|iPhone.Build.0 = Release|iPhone
		{07434B2B-FA39-4B53-8B41-7A3F060CA418}.Release|iPhone.Deploy.0 = Release|iPhone
		{07434B2B-FA39-4B53-8B41-7A3F060CA418}.Release|iPhoneSimulator.ActiveCfg = Release|iPhoneSimulator
		{07434B2B-FA39-4B53-8B41-7A3F060CA418}.Release|iPhoneSimulator.Build.0 = Release|iPhoneSimulator
		{07434B2B-FA39-4B53-8B41-7A3F060CA418}.Release|iPhoneSimulator.Deploy.0 = Release|iPhoneSimulator
		{B816F728-8EFD-41DD-B543-A958FABD6904}.Ad-Hoc|Any CPU.ActiveCfg = Debug|Any CPU
		{B816F728-8EFD-41DD-B543-A958FABD6904}.Ad-Hoc|Any CPU.Build.0 = Debug|Any CPU
		{B816F728-8EFD-41DD-B543-A958FABD6904}.Ad-Hoc|Any CPU.Deploy.0 = Debug|Any CPU
		{B816F728-8EFD-41DD-B543-A958FABD6904}.Ad-Hoc|iPhone.ActiveCfg = Debug|Any CPU
		{B816F728-8EFD-41DD-B543-A958FABD6904}.Ad-Hoc|iPhone.Build.0 = Debug|Any CPU
		{B816F728-8EFD-41DD-B543-A958FABD6904}.Ad-Hoc|iPhone.Deploy.0 = Debug|Any CPU
		{B816F728-8EFD-41DD-B543-A958FABD6904}.Ad-Hoc|iPhoneSimulator.ActiveCfg = Debug|Any CPU
		{B816F728-8EFD-41DD-B543-A958FABD6904}.Ad-Hoc|iPhoneSimulator.Build.0 = Debug|Any CPU
		{B816F728-8EFD-41DD-B543-A958FABD6904}.Ad-Hoc|iPhoneSimulator.Deploy.0 = Debug|Any CPU
		{B816F728-8EFD-41DD-B543-A958FABD6904}.AppStore|Any CPU.ActiveCfg = Debug|Any CPU
		{B816F728-8EFD-41DD-B543-A958FABD6904}.AppStore|Any CPU.Build.0 = Debug|Any CPU
		{B816F728-8EFD-41DD-B543-A958FABD6904}.AppStore|Any CPU.Deploy.0 = Debug|Any CPU
		{B816F728-8EFD-41DD-B543-A958FABD6904}.AppStore|iPhone.ActiveCfg = Debug|Any CPU
		{B816F728-8EFD-41DD-B543-A958FABD6904}.AppStore|iPhone.Build.0 = Debug|Any CPU
		{B816F728-8EFD-41DD-B543-A958FABD6904}.AppStore|iPhone.Deploy.0 = Debug|Any CPU
		{B816F728-8EFD-41DD-B543-A958FABD6904}.AppStore|iPhoneSimulator.ActiveCfg = Debug|Any CPU
		{B816F728-8EFD-41DD-B543-A958FABD6904}.AppStore|iPhoneSimulator.Build.0 = Debug|Any CPU
		{B816F728-8EFD-41DD-B543-A958FABD6904}.AppStore|iPhoneSimulator.Deploy.0 = Debug|Any CPU
		{B816F728-8EFD-41DD-B543-A958FABD6904}.Debug|Any CPU.ActiveCfg = Debug|Any CPU
		{B816F728-8EFD-41DD-B543-A958FABD6904}.Debug|Any CPU.Build.0 = Debug|Any CPU
		{B816F728-8EFD-41DD-B543-A958FABD6904}.Debug|Any CPU.Deploy.0 = Debug|Any CPU
		{B816F728-8EFD-41DD-B543-A958FABD6904}.Debug|iPhone.ActiveCfg = Debug|Any CPU
		{B816F728-8EFD-41DD-B543-A958FABD6904}.Debug|iPhone.Build.0 = Debug|Any CPU
		{B816F728-8EFD-41DD-B543-A958FABD6904}.Debug|iPhone.Deploy.0 = Debug|Any CPU
		{B816F728-8EFD-41DD-B543-A958FABD6904}.Debug|iPhoneSimulator.ActiveCfg = Debug|Any CPU
		{B816F728-8EFD-41DD-B543-A958FABD6904}.Debug|iPhoneSimulator.Build.0 = Debug|Any CPU
		{B816F728-8EFD-41DD-B543-A958FABD6904}.Debug|iPhoneSimulator.Deploy.0 = Debug|Any CPU
		{B816F728-8EFD-41DD-B543-A958FABD6904}.Release|Any CPU.ActiveCfg = Release|Any CPU
		{B816F728-8EFD-41DD-B543-A958FABD6904}.Release|Any CPU.Build.0 = Release|Any CPU
		{B816F728-8EFD-41DD-B543-A958FABD6904}.Release|Any CPU.Deploy.0 = Release|Any CPU
		{B816F728-8EFD-41DD-B543-A958FABD6904}.Release|iPhone.ActiveCfg = Release|Any CPU
		{B816F728-8EFD-41DD-B543-A958FABD6904}.Release|iPhone.Build.0 = Release|Any CPU
		{B816F728-8EFD-41DD-B543-A958FABD6904}.Release|iPhone.Deploy.0 = Release|Any CPU
		{B816F728-8EFD-41DD-B543-A958FABD6904}.Release|iPhoneSimulator.ActiveCfg = Release|Any CPU
		{B816F728-8EFD-41DD-B543-A958FABD6904}.Release|iPhoneSimulator.Build.0 = Release|Any CPU
		{B816F728-8EFD-41DD-B543-A958FABD6904}.Release|iPhoneSimulator.Deploy.0 = Release|Any CPU
	EndGlobalSection
	GlobalSection(SolutionProperties) = preSolution
		HideSolutionNode = FALSE
	EndGlobalSection
	GlobalSection(ExtensibilityGlobals) = postSolution
		SolutionGuid = {2372C13B-09B4-430E-B229-EC6ED0CAB224}
	EndGlobalSection
EndGlobal
